uuid: ad7c9aef-ee7a-48d0-a38b-02ca5f5e0658
langcode: en
status: true
dependencies:
  module:
    - oe_corporate_blocks
  theme:
    - bartik
id: eufooterblock
theme: bartik
region: footer_fifth
weight: -4
provider: null
plugin: oe_eu_footer
settings:
  id: oe_eu_footer
  label: 'EU Footer block'
  provider: oe_corporate_blocks
  label_display: visible
visibility: {  }
