langcode: en
status: true
dependencies:
  module:
    - oe_corporate_blocks
  theme:
    - bartik
id: siteswitcherblock
theme: bartik
region: header
weight: 0
provider: null
plugin: oe_site_switcher
settings:
  id: oe_site_switcher
  label: 'Site switcher block'
  provider: oe_corporate_blocks
  label_display: '0'
visibility: {  }
