langcode: en
status: true
dependencies:
  module:
    - oe_corporate_blocks
  theme:
    - bartik
id: footer_block
theme: bartik
region: footer_fifth
weight: 0
provider: null
plugin: oe_corporate_blocks_ec_footer
settings:
  id: oe_corporate_blocks_ec_footer
  label: 'OpenEuropa Footer block'
  provider: oe_corporate_blocks
  label_display: '0'
visibility: {  }
